Microsoft Visual Studio Solution File, Format Version 12.00
# Visual Studio 15
Project("{FAE04EC0-301F-11D3-BF4B-00C04F79EFBC}") = "Assembly-CSharp", "Assembly-CSharp.csproj", "{314C7378-F9F1-D0C5-E4C4-A9919CD90AE5}"
EndProject
Project("{FAE04EC0-301F-11D3-BF4B-00C04F79EFBC}") = "Assembly-CSharp-Editor", "Assembly-CSharp-Editor.csproj", "{75C913A2-F8BA-5646-7963-4AF52C598C1F}"
EndProject
Global
	GlobalSection(SolutionConfigurationPlatforms) = preSolution
		Debug|Any CPU = Debug|Any CPU
		Release|Any CPU = Release|Any CPU
	EndGlobalSection
	GlobalSection(ProjectConfigurationPlatforms) = postSolution
		{314C7378-F9F1-D0C5-E4C4-A9919CD90AE5}.Debug|Any CPU.ActiveCfg = Debug|Any CPU
		{314C7378-F9F1-D0C5-E4C4-A9919CD90AE5}.Debug|Any CPU.Build.0 = Debug|Any CPU
		{314C7378-F9F1-D0C5-E4C4-A9919CD90AE5}.Release|Any CPU.ActiveCfg = Release|Any CPU
		{314C7378-F9F1-D0C5-E4C4-A9919CD90AE5}.Release|Any CPU.Build.0 = Release|Any CPU
		{75C913A2-F8BA-5646-7963-4AF52C598C1F}.Debug|Any CPU.ActiveCfg = Debug|Any CPU
		{75C913A2-F8BA-5646-7963-4AF52C598C1F}.Debug|Any CPU.Build.0 = Debug|Any CPU
		{75C913A2-F8BA-5646-7963-4AF52C598C1F}.Release|Any CPU.ActiveCfg = Release|Any CPU
		{75C913A2-F8BA-5646-7963-4AF52C598C1F}.Release|Any CPU.Build.0 = Release|Any CPU
	EndGlobalSection
	GlobalSection(SolutionProperties) = preSolution
		HideSolutionNode = FALSE
	EndGlobalSection
EndGlobal
